// !$*UTF8*$!
{
	archiveVersion = 1;
	classes = {
	};
	objectVersion = 52;
	objects = {

/* Begin PBXBuildFile section */
		BC00BCEB254452F200E3C44B /* Model.swift in Sources */ = {isa = PBXBuildFile; fileRef = BC00BCEA254452F200E3C44B /* Model.swift */; };
		BC00BCF1254464F100E3C44B /* FocusEntity in Frameworks */ = {isa = PBXBuildFile; productRef = BC00BCF0254464F100E3C44B /* FocusEntity */; };
		BC00BCF6254471B200E3C44B /* FocusARView.swift in Sources */ = {isa = PBXBuildFile; fileRef = BC00BCF5254471B200E3C44B /* FocusARView.swift */; };
		BC4E637B25332BE200D2EF77 /* AppDelegate.swift in Sources */ = {isa = PBXBuildFile; fileRef = BC4E637A25332BE200D2EF77 /* AppDelegate.swift */; };
		BC4E637D25332BE200D2EF77 /* ContentView.swift in Sources */ = {isa = PBXBuildFile; fileRef = BC4E637C25332BE200D2EF77 /* ContentView.swift */; };
		BC4E638125332BE200D2EF77 /* Assets.xcassets in Resources */ = {isa = PBXBuildFile; fileRef = BC4E638025332BE200D2EF77 /* Assets.xcassets */; };
		BC4E638425332BE200D2EF77 /* Preview Assets.xcassets in Resources */ = {isa = PBXBuildFile; fileRef = BC4E638325332BE200D2EF77 /* Preview Assets.xcassets */; };
		BC4E638F25332BE200D2EF77 /* arrowsFirstARTests.swift in Sources */ = {isa = PBXBuildFile; fileRef = BC4E638E25332BE200D2EF77 /* arrowsFirstARTests.swift */; };
		BC4E639A25332BE200D2EF77 /* arrowsFirstARUITests.swift in Sources */ = {isa = PBXBuildFile; fileRef = BC4E639925332BE200D2EF77 /* arrowsFirstARUITests.swift */; };
		BC5E5F72253330A40074A287 /* fender_stratocaster.usdz in Resources */ = {isa = PBXBuildFile; fileRef = BC5E5F6E253330A30074A287 /* fender_stratocaster.usdz */; };
		BC5E5F73253330A40074A287 /* toy_robot_vintage.usdz in Resources */ = {isa = PBXBuildFile; fileRef = BC5E5F6F253330A30074A287 /* toy_robot_vintage.usdz */; };
		BC5E5F74253330A40074A287 /* toy_biplane.usdz in Resources */ = {isa = PBXBuildFile; fileRef = BC5E5F70253330A40074A287 /* toy_biplane.usdz */; };
		BC5E5F75253330A40074A287 /* teapot.usdz in Resources */ = {isa = PBXBuildFile; fileRef = BC5E5F71253330A40074A287 /* teapot.usdz */; };
/* End PBXBuildFile section */

/* Begin PBXContainerItemProxy section */
		BC4E638B25332BE200D2EF77 /* PBXContainerItemProxy */ = {
			isa = PBXContainerItemProxy;
			containerPortal = BC4E636F25332BE200D2EF77 /* Project object */;
			proxyType = 1;
			remoteGlobalIDString = BC4E637625332BE200D2EF77;
			remoteInfo = arrowsFirstAR;
		};
		BC4E639625332BE200D2EF77 /* PBXContainerItemProxy */ = {
			isa = PBXContainerItemProxy;
			containerPortal = BC4E636F25332BE200D2EF77 /* Project object */;
			proxyType = 1;
			remoteGlobalIDString = BC4E637625332BE200D2EF77;
			remoteInfo = arrowsFirstAR;
		};
/* End PBXContainerItemProxy section */

/* Begin PBXFileReference section */
		BC00BCEA254452F200E3C44B /* Model.swift */ = {isa = PBXFileReference; lastKnownFileType = sourcecode.swift; path = Model.swift; sourceTree = "<group>"; };
		BC00BCF5254471B200E3C44B /* FocusARView.swift */ = {isa = PBXFileReference; lastKnownFileType = sourcecode.swift; path = FocusARView.swift; sourceTree = "<group>"; };
		BC4E637725332BE200D2EF77 /* arrowsFirstAR.app */ = {isa = PBXFileReference; explicitFileType = wrapper.application; includeInIndex = 0; path = arrowsFirstAR.app; sourceTree = BUILT_PRODUCTS_DIR; };
		BC4E637A25332BE200D2EF77 /* AppDelegate.swift */ = {isa = PBXFileReference; lastKnownFileType = sourcecode.swift; path = AppDelegate.swift; sourceTree = "<group>"; };
		BC4E637C25332BE200D2EF77 /* ContentView.swift */ = {isa = PBXFileReference; lastKnownFileType = sourcecode.swift; path = ContentView.swift; sourceTree = "<group>"; };
		BC4E638025332BE200D2EF77 /* Assets.xcassets */ = {isa = PBXFileReference; lastKnownFileType = folder.assetcatalog; path = Assets.xcassets; sourceTree = "<group>"; };
		BC4E638325332BE200D2EF77 /* Preview Assets.xcassets */ = {isa = PBXFileReference; lastKnownFileType = folder.assetcatalog; path = "Preview Assets.xcassets"; sourceTree = "<group>"; };
		BC4E638525332BE200D2EF77 /* Info.plist */ = {isa = PBXFileReference; lastKnownFileType = text.plist.xml; path = Info.plist; sourceTree = "<group>"; };
		BC4E638A25332BE200D2EF77 /* arrowsFirstARTests.xctest */ = {isa = PBXFileReference; explicitFileType = wrapper.cfbundle; includeInIndex = 0; path = arrowsFirstARTests.xctest; sourceTree = BUILT_PRODUCTS_DIR; };
		BC4E638E25332BE200D2EF77 /* arrowsFirstARTests.swift */ = {isa = PBXFileReference; lastKnownFileType = sourcecode.swift; path = arrowsFirstARTests.swift; sourceTree = "<group>"; };
		BC4E639025332BE200D2EF77 /* Info.plist */ = {isa = PBXFileReference; lastKnownFileType = text.plist.xml; path = Info.plist; sourceTree = "<group>"; };
		BC4E639525332BE200D2EF77 /* arrowsFirstARUITests.xctest */ = {isa = PBXFileReference; explicitFileType = wrapper.cfbundle; includeInIndex = 0; path = arrowsFirstARUITests.xctest; sourceTree = BUILT_PRODUCTS_DIR; };
		BC4E639925332BE200D2EF77 /* arrowsFirstARUITests.swift */ = {isa = PBXFileReference; lastKnownFileType = sourcecode.swift; path = arrowsFirstARUITests.swift; sourceTree = "<group>"; };
		BC4E639B25332BE200D2EF77 /* Info.plist */ = {isa = PBXFileReference; lastKnownFileType = text.plist.xml; path = Info.plist; sourceTree = "<group>"; };
		BC5E5F6E253330A30074A287 /* fender_stratocaster.usdz */ = {isa = PBXFileReference; lastKnownFileType = file.usdz; path = fender_stratocaster.usdz; sourceTree = "<group>"; };
		BC5E5F6F253330A30074A287 /* toy_robot_vintage.usdz */ = {isa = PBXFileReference; lastKnownFileType = file.usdz; path = toy_robot_vintage.usdz; sourceTree = "<group>"; };
		BC5E5F70253330A40074A287 /* toy_biplane.usdz */ = {isa = PBXFileReference; lastKnownFileType = file.usdz; path = toy_biplane.usdz; sourceTree = "<group>"; };
		BC5E5F71253330A40074A287 /* teapot.usdz */ = {isa = PBXFileReference; lastKnownFileType = file.usdz; path = teapot.usdz; sourceTree = "<group>"; };
/* End PBXFileReference section */

/* Begin PBXFrameworksBuildPhase section */
		BC4E637425332BE200D2EF77 /* Frameworks */ = {
			isa = PBXFrameworksBuildPhase;
			buildActionMask = 2147483647;
			files = (
				BC00BCF1254464F100E3C44B /* FocusEntity in Frameworks */,
			);
			runOnlyForDeploymentPostprocessing = 0;
		};
		BC4E638725332BE200D2EF77 /* Frameworks */ = {
			isa = PBXFrameworksBuildPhase;
			buildActionMask = 2147483647;
			files = (
			);
			runOnlyForDeploymentPostprocessing = 0;
		};
		BC4E639225332BE200D2EF77 /* Frameworks */ = {
			isa = PBXFrameworksBuildPhase;
			buildActionMask = 2147483647;
			files = (
			);
			runOnlyForDeploymentPostprocessing = 0;
		};
/* End PBXFrameworksBuildPhase section */

/* Begin PBXGroup section */
		BC4E636E25332BE200D2EF77 = {
			isa = PBXGroup;
			children = (
				BC4E637925332BE200D2EF77 /* arrowsFirstAR */,
				BC4E638D25332BE200D2EF77 /* arrowsFirstARTests */,
				BC4E639825332BE200D2EF77 /* arrowsFirstARUITests */,
				BC4E637825332BE200D2EF77 /* Products */,
			);
			sourceTree = "<group>";
		};
		BC4E637825332BE200D2EF77 /* Products */ = {
			isa = PBXGroup;
			children = (
				BC4E637725332BE200D2EF77 /* arrowsFirstAR.app */,
				BC4E638A25332BE200D2EF77 /* arrowsFirstARTests.xctest */,
				BC4E639525332BE200D2EF77 /* arrowsFirstARUITests.xctest */,
			);
			name = Products;
			sourceTree = "<group>";
		};
		BC4E637925332BE200D2EF77 /* arrowsFirstAR */ = {
			isa = PBXGroup;
			children = (
				BC4E637A25332BE200D2EF77 /* AppDelegate.swift */,
				BC4E637C25332BE200D2EF77 /* ContentView.swift */,
				BC00BCEA254452F200E3C44B /* Model.swift */,
				BC00BCF5254471B200E3C44B /* FocusARView.swift */,
				BC5E5F6D25332F7D0074A287 /* Models */,
				BC4E638025332BE200D2EF77 /* Assets.xcassets */,
				BC4E638525332BE200D2EF77 /* Info.plist */,
				BC4E638225332BE200D2EF77 /* Preview Content */,
			);
			path = arrowsFirstAR;
			sourceTree = "<group>";
		};
		BC4E638225332BE200D2EF77 /* Preview Content */ = {
			isa = PBXGroup;
			children = (
				BC4E638325332BE200D2EF77 /* Preview Assets.xcassets */,
			);
			path = "Preview Content";
			sourceTree = "<group>";
		};
		BC4E638D25332BE200D2EF77 /* arrowsFirstARTests */ = {
			isa = PBXGroup;
			children = (
				BC4E638E25332BE200D2EF77 /* arrowsFirstARTests.swift */,
				BC4E639025332BE200D2EF77 /* Info.plist */,
			);
			path = arrowsFirstARTests;
			sourceTree = "<group>";
		};
		BC4E639825332BE200D2EF77 /* arrowsFirstARUITests */ = {
			isa = PBXGroup;
			children = (
				BC4E639925332BE200D2EF77 /* arrowsFirstARUITests.swift */,
				BC4E639B25332BE200D2EF77 /* Info.plist */,
			);
			path = arrowsFirstARUITests;
			sourceTree = "<group>";
		};
		BC5E5F6D25332F7D0074A287 /* Models */ = {
			isa = PBXGroup;
			children = (
				BC5E5F6E253330A30074A287 /* fender_stratocaster.usdz */,
				BC5E5F71253330A40074A287 /* teapot.usdz */,
				BC5E5F70253330A40074A287 /* toy_biplane.usdz */,
				BC5E5F6F253330A30074A287 /* toy_robot_vintage.usdz */,
			);
			path = Models;
			sourceTree = "<group>";
		};
/* End PBXGroup section */

/* Begin PBXNativeTarget section */
		BC4E637625332BE200D2EF77 /* arrowsFirstAR */ = {
			isa = PBXNativeTarget;
			buildConfigurationList = BC4E639E25332BE200D2EF77 /* Build configuration list for PBXNativeTarget "arrowsFirstAR" */;
			buildPhases = (
				BC4E637325332BE200D2EF77 /* Sources */,
				BC4E637425332BE200D2EF77 /* Frameworks */,
				BC4E637525332BE200D2EF77 /* Resources */,
			);
			buildRules = (
			);
			dependencies = (
			);
			name = arrowsFirstAR;
			packageProductDependencies = (
				BC00BCF0254464F100E3C44B /* FocusEntity */,
			);
			productName = arrowsFirstAR;
			productReference = BC4E637725332BE200D2EF77 /* arrowsFirstAR.app */;
			productType = "com.apple.product-type.application";
		};
		BC4E638925332BE200D2EF77 /* arrowsFirstARTests */ = {
			isa = PBXNativeTarget;
			buildConfigurationList = BC4E63A125332BE200D2EF77 /* Build configuration list for PBXNativeTarget "arrowsFirstARTests" */;
			buildPhases = (
				BC4E638625332BE200D2EF77 /* Sources */,
				BC4E638725332BE200D2EF77 /* Frameworks */,
				BC4E638825332BE200D2EF77 /* Resources */,
			);
			buildRules = (
			);
			dependencies = (
				BC4E638C25332BE200D2EF77 /* PBXTargetDependency */,
			);
			name = arrowsFirstARTests;
			productName = arrowsFirstARTests;
			productReference = BC4E638A25332BE200D2EF77 /* arrowsFirstARTests.xctest */;
			productType = "com.apple.product-type.bundle.unit-test";
		};
		BC4E639425332BE200D2EF77 /* arrowsFirstARUITests */ = {
			isa = PBXNativeTarget;
			buildConfigurationList = BC4E63A425332BE200D2EF77 /* Build configuration list for PBXNativeTarget "arrowsFirstARUITests" */;
			buildPhases = (
				BC4E639125332BE200D2EF77 /* Sources */,
				BC4E639225332BE200D2EF77 /* Frameworks */,
				BC4E639325332BE200D2EF77 /* Resources */,
			);
			buildRules = (
			);
			dependencies = (
				BC4E639725332BE200D2EF77 /* PBXTargetDependency */,
			);
			name = arrowsFirstARUITests;
			productName = arrowsFirstARUITests;
			productReference = BC4E639525332BE200D2EF77 /* arrowsFirstARUITests.xctest */;
			productType = "com.apple.product-type.bundle.ui-testing";
		};
/* End PBXNativeTarget section */

/* Begin PBXProject section */
		BC4E636F25332BE200D2EF77 /* Project object */ = {
			isa = PBXProject;
			attributes = {
				LastSwiftUpdateCheck = 1200;
				LastUpgradeCheck = 1200;
				TargetAttributes = {
					BC4E637625332BE200D2EF77 = {
						CreatedOnToolsVersion = 12.0.1;
					};
					BC4E638925332BE200D2EF77 = {
						CreatedOnToolsVersion = 12.0.1;
						TestTargetID = BC4E637625332BE200D2EF77;
					};
					BC4E639425332BE200D2EF77 = {
						CreatedOnToolsVersion = 12.0.1;
						TestTargetID = BC4E637625332BE200D2EF77;
					};
				};
			};
			buildConfigurationList = BC4E637225332BE200D2EF77 /* Build configuration list for PBXProject "arrowsFirstAR" */;
			compatibilityVersion = "Xcode 9.3";
			developmentRegion = en;
			hasScannedForEncodings = 0;
			knownRegions = (
				en,
				Base,
			);
			mainGroup = BC4E636E25332BE200D2EF77;
			packageReferences = (
				BC00BCEF254464F100E3C44B /* XCRemoteSwiftPackageReference "FocusEntity" */,
			);
			productRefGroup = BC4E637825332BE200D2EF77 /* Products */;
			projectDirPath = "";
			projectRoot = "";
			targets = (
				BC4E637625332BE200D2EF77 /* arrowsFirstAR */,
				BC4E638925332BE200D2EF77 /* arrowsFirstARTests */,
				BC4E639425332BE200D2EF77 /* arrowsFirstARUITests */,
			);
		};
/* End PBXProject section */

/* Begin PBXResourcesBuildPhase section */
		BC4E637525332BE200D2EF77 /* Resources */ = {
			isa = PBXResourcesBuildPhase;
			buildActionMask = 2147483647;
			files = (
				BC5E5F75253330A40074A287 /* teapot.usdz in Resources */,
				BC5E5F73253330A40074A287 /* toy_robot_vintage.usdz in Resources */,
				BC5E5F74253330A40074A287 /* toy_biplane.usdz in Resources */,
				BC4E638425332BE200D2EF77 /* Preview Assets.xcassets in Resources */,
				BC4E638125332BE200D2EF77 /* Assets.xcassets in Resources */,
				BC5E5F72253330A40074A287 /* fender_stratocaster.usdz in Resources */,
			);
			runOnlyForDeploymentPostprocessing = 0;
		};
		BC4E638825332BE200D2EF77 /* Resources */ = {
			isa = PBXResourcesBuildPhase;
			buildActionMask = 2147483647;
			files = (
			);
			runOnlyForDeploymentPostprocessing = 0;
		};
		BC4E639325332BE200D2EF77 /* Resources */ = {
			isa = PBXResourcesBuildPhase;
			buildActionMask = 2147483647;
			files = (
			);
			runOnlyForDeploymentPostprocessing = 0;
		};
/* End PBXResourcesBuildPhase section */

/* Begin PBXSourcesBuildPhase section */
		BC4E637325332BE200D2EF77 /* Sources */ = {
			isa = PBXSourcesBuildPhase;
			buildActionMask = 2147483647;
			files = (
				BC00BCEB254452F200E3C44B /* Model.swift in Sources */,
				BC4E637D25332BE200D2EF77 /* ContentView.swift in Sources */,
				BC00BCF6254471B200E3C44B /* FocusARView.swift in Sources */,
				BC4E637B25332BE200D2EF77 /* AppDelegate.swift in Sources */,
			);
			runOnlyForDeploymentPostprocessing = 0;
		};
		BC4E638625332BE200D2EF77 /* Sources */ = {
			isa = PBXSourcesBuildPhase;
			buildActionMask = 2147483647;
			files = (
				BC4E638F25332BE200D2EF77 /* arrowsFirstARTests.swift in Sources */,
			);
			runOnlyForDeploymentPostprocessing = 0;
		};
		BC4E639125332BE200D2EF77 /* Sources */ = {
			isa = PBXSourcesBuildPhase;
			buildActionMask = 2147483647;
			files = (
				BC4E639A25332BE200D2EF77 /* arrowsFirstARUITests.swift in Sources */,
			);
			runOnlyForDeploymentPostprocessing = 0;
		};
/* End PBXSourcesBuildPhase section */

/* Begin PBXTargetDependency section */
		BC4E638C25332BE200D2EF77 /* PBXTargetDependency */ = {
			isa = PBXTargetDependency;
			target = BC4E637625332BE200D2EF77 /* arrowsFirstAR */;
			targetProxy = BC4E638B25332BE200D2EF77 /* PBXContainerItemProxy */;
		};
		BC4E639725332BE200D2EF77 /* PBXTargetDependency */ = {
			isa = PBXTargetDependency;
			target = BC4E637625332BE200D2EF77 /* arrowsFirstAR */;
			targetProxy = BC4E639625332BE200D2EF77 /* PBXContainerItemProxy */;
		};
/* End PBXTargetDependency section */

/* Begin XCBuildConfiguration section */
		BC4E639C25332BE200D2EF77 /* Debug */ = {
			isa = XCBuildConfiguration;
			buildSettings = {
				ALWAYS_SEARCH_USER_PATHS = NO;
				CLANG_ANALYZER_NONNULL = YES;
				CLANG_ANALYZER_NUMBER_OBJECT_CONVERSION = YES_AGGRESSIVE;
				CLANG_CXX_LANGUAGE_STANDARD = "gnu++14";
				CLANG_CXX_LIBRARY = "libc++";
				CLANG_ENABLE_MODULES = YES;
				CLANG_ENABLE_OBJC_ARC = YES;
				CLANG_ENABLE_OBJC_WEAK = YES;
				CLANG_WARN_BLOCK_CAPTURE_AUTORELEASING = YES;
				CLANG_WARN_BOOL_CONVERSION = YES;
				CLANG_WARN_COMMA = YES;
				CLANG_WARN_CONSTANT_CONVERSION = YES;
				CLANG_WARN_DEPRECATED_OBJC_IMPLEMENTATIONS = YES;
				CLANG_WARN_DIRECT_OBJC_ISA_USAGE = YES_ERROR;
				CLANG_WARN_DOCUMENTATION_COMMENTS = YES;
				CLANG_WARN_EMPTY_BODY = YES;
				CLANG_WARN_ENUM_CONVERSION = YES;
				CLANG_WARN_INFINITE_RECURSION = YES;
				CLANG_WARN_INT_CONVERSION = YES;
				CLANG_WARN_NON_LITERAL_NULL_CONVERSION = YES;
				CLANG_WARN_OBJC_IMPLICIT_RETAIN_SELF = YES;
				CLANG_WARN_OBJC_LITERAL_CONVERSION = YES;
				CLANG_WARN_OBJC_ROOT_CLASS = YES_ERROR;
				CLANG_WARN_QUOTED_INCLUDE_IN_FRAMEWORK_HEADER = YES;
				CLANG_WARN_RANGE_LOOP_ANALYSIS = YES;
				CLANG_WARN_STRICT_PROTOTYPES = YES;
				CLANG_WARN_SUSPICIOUS_MOVE = YES;
				CLANG_WARN_UNGUARDED_AVAILABILITY = YES_AGGRESSIVE;
				CLANG_WARN_UNREACHABLE_CODE = YES;
				CLANG_WARN__DUPLICATE_METHOD_MATCH = YES;
				COPY_PHASE_STRIP = NO;
				DEBUG_INFORMATION_FORMAT = dwarf;
				ENABLE_STRICT_OBJC_MSGSEND = YES;
				ENABLE_TESTABILITY = YES;
				GCC_C_LANGUAGE_STANDARD = gnu11;
				GCC_DYNAMIC_NO_PIC = NO;
				GCC_NO_COMMON_BLOCKS = YES;
				GCC_OPTIMIZATION_LEVEL = 0;
				GCC_PREPROCESSOR_DEFINITIONS = (
					"DEBUG=1",
					"$(inherited)",
				);
				GCC_WARN_64_TO_32_BIT_CONVERSION = YES;
				GCC_WARN_ABOUT_RETURN_TYPE = YES_ERROR;
				GCC_WARN_UNDECLARED_SELECTOR = YES;
				GCC_WARN_UNINITIALIZED_AUTOS = YES_AGGRESSIVE;
				GCC_WARN_UNUSED_FUNCTION = YES;
				GCC_WARN_UNUSED_VARIABLE = YES;
				IPHONEOS_DEPLOYMENT_TARGET = 14.0;
				MTL_ENABLE_DEBUG_INFO = INCLUDE_SOURCE;
				MTL_FAST_MATH = YES;
				ONLY_ACTIVE_ARCH = YES;
				SDKROOT = iphoneos;
				SWIFT_ACTIVE_COMPILATION_CONDITIONS = DEBUG;
				SWIFT_OPTIMIZATION_LEVEL = "-Onone";
			};
			name = Debug;
		};
		BC4E639D25332BE200D2EF77 /* Release */ = {
			isa = XCBuildConfiguration;
			buildSettings = {
				ALWAYS_SEARCH_USER_PATHS = NO;
				CLANG_ANALYZER_NONNULL = YES;
				CLANG_ANALYZER_NUMBER_OBJECT_CONVERSION = YES_AGGRESSIVE;
				CLANG_CXX_LANGUAGE_STANDARD = "gnu++14";
				CLANG_CXX_LIBRARY = "libc++";
				CLANG_ENABLE_MODULES = YES;
				CLANG_ENABLE_OBJC_ARC = YES;
				CLANG_ENABLE_OBJC_WEAK = YES;
				CLANG_WARN_BLOCK_CAPTURE_AUTORELEASING = YES;
				CLANG_WARN_BOOL_CONVERSION = YES;
				CLANG_WARN_COMMA = YES;
				CLANG_WARN_CONSTANT_CONVERSION = YES;
				CLANG_WARN_DEPRECATED_OBJC_IMPLEMENTATIONS = YES;
				CLANG_WARN_DIRECT_OBJC_ISA_USAGE = YES_ERROR;
				CLANG_WARN_DOCUMENTATION_COMMENTS = YES;
				CLANG_WARN_EMPTY_BODY = YES;
				CLANG_WARN_ENUM_CONVERSION = YES;
				CLANG_WARN_INFINITE_RECURSION = YES;
				CLANG_WARN_INT_CONVERSION = YES;
				CLANG_WARN_NON_LITERAL_NULL_CONVERSION = YES;
				CLANG_WARN_OBJC_IMPLICIT_RETAIN_SELF = YES;
				CLANG_WARN_OBJC_LITERAL_CONVERSION = YES;
				CLANG_WARN_OBJC_ROOT_CLASS = YES_ERROR;
				CLANG_WARN_QUOTED_INCLUDE_IN_FRAMEWORK_HEADER = YES;
				CLANG_WARN_RANGE_LOOP_ANALYSIS = YES;
				CLANG_WARN_STRICT_PROTOTYPES = YES;
				CLANG_WARN_SUSPICIOUS_MOVE = YES;
				CLANG_WARN_UNGUARDED_AVAILABILITY = YES_AGGRESSIVE;
				CLANG_WARN_UNREACHABLE_CODE = YES;
				CLANG_WARN__DUPLICATE_METHOD_MATCH = YES;
				COPY_PHASE_STRIP = NO;
				DEBUG_INFORMATION_FORMAT = "dwarf-with-dsym";
				ENABLE_NS_ASSERTIONS = NO;
				ENABLE_STRICT_OBJC_MSGSEND = YES;
				GCC_C_LANGUAGE_STANDARD = gnu11;
				GCC_NO_COMMON_BLOCKS = YES;
				GCC_WARN_64_TO_32_BIT_CONVERSION = YES;
				GCC_WARN_ABOUT_RETURN_TYPE = YES_ERROR;
				GCC_WARN_UNDECLARED_SELECTOR = YES;
				GCC_WARN_UNINITIALIZED_AUTOS = YES_AGGRESSIVE;
				GCC_WARN_UNUSED_FUNCTION = YES;
				GCC_WARN_UNUSED_VARIABLE = YES;
				IPHONEOS_DEPLOYMENT_TARGET = 14.0;
				MTL_ENABLE_DEBUG_INFO = NO;
				MTL_FAST_MATH = YES;
				SDKROOT = iphoneos;
				SWIFT_COMPILATION_MODE = wholemodule;
				SWIFT_OPTIMIZATION_LEVEL = "-O";
				VALIDATE_PRODUCT = YES;
			};
			name = Release;
		};
		BC4E639F25332BE200D2EF77 /* Debug */ = {
			isa = XCBuildConfiguration;
			buildSettings = {
				ASSETCATALOG_COMPILER_APPICON_NAME = AppIcon;
				ASSETCATALOG_COMPILER_GLOBAL_ACCENT_COLOR_NAME = AccentColor;
				CODE_SIGN_STYLE = Automatic;
				DEVELOPMENT_ASSET_PATHS = "\"arrowsFirstAR/Preview Content\"";
				DEVELOPMENT_TEAM = 6LNVVQ57BD;
				ENABLE_PREVIEWS = YES;
				INFOPLIST_FILE = arrowsFirstAR/Info.plist;
				LD_RUNPATH_SEARCH_PATHS = (
					"$(inherited)",
					"@executable_path/Frameworks",
				);
				PRODUCT_BUNDLE_IDENTIFIER = self.arrowsFirstAR;
				PRODUCT_NAME = "$(TARGET_NAME)";
				SWIFT_VERSION = 5.0;
				TARGETED_DEVICE_FAMILY = "1,2";
			};
			name = Debug;
		};
		BC4E63A025332BE200D2EF77 /* Release */ = {
			isa = XCBuildConfiguration;
			buildSettings = {
				ASSETCATALOG_COMPILER_APPICON_NAME = AppIcon;
				ASSETCATALOG_COMPILER_GLOBAL_ACCENT_COLOR_NAME = AccentColor;
				CODE_SIGN_STYLE = Automatic;
				DEVELOPMENT_ASSET_PATHS = "\"arrowsFirstAR/Preview Content\"";
				DEVELOPMENT_TEAM = 6LNVVQ57BD;
				ENABLE_PREVIEWS = YES;
				INFOPLIST_FILE = arrowsFirstAR/Info.plist;
				LD_RUNPATH_SEARCH_PATHS = (
					"$(inherited)",
					"@executable_path/Frameworks",
				);
				PRODUCT_BUNDLE_IDENTIFIER = self.arrowsFirstAR;
				PRODUCT_NAME = "$(TARGET_NAME)";
				SWIFT_VERSION = 5.0;
				TARGETED_DEVICE_FAMILY = "1,2";
			};
			name = Release;
		};
		BC4E63A225332BE200D2EF77 /* Debug */ = {
			isa = XCBuildConfiguration;
			buildSettings = {
				ALWAYS_EMBED_SWIFT_STANDARD_LIBRARIES = YES;
				BUNDLE_LOADER = "$(TEST_HOST)";
				CODE_SIGN_STYLE = Automatic;
				DEVELOPMENT_TEAM = 6LNVVQ57BD;
				INFOPLIST_FILE = arrowsFirstARTests/Info.plist;
				IPHONEOS_DEPLOYMENT_TARGET = 14.0;
				LD_RUNPATH_SEARCH_PATHS = (
					"$(inherited)",
					"@executable_path/Frameworks",
					"@loader_path/Frameworks",
				);
				PRODUCT_BUNDLE_IDENTIFIER = self.arrowsFirstARTests;
				PRODUCT_NAME = "$(TARGET_NAME)";
				SWIFT_VERSION = 5.0;
				TARGETED_DEVICE_FAMILY = "1,2";
				TEST_HOST = "$(BUILT_PRODUCTS_DIR)/arrowsFirstAR.app/arrowsFirstAR";
			};
			name = Debug;
		};
		BC4E63A325332BE200D2EF77 /* Release */ = {
			isa = XCBuildConfiguration;
			buildSettings = {
				ALWAYS_EMBED_SWIFT_STANDARD_LIBRARIES = YES;
				BUNDLE_LOADER = "$(TEST_HOST)";
				CODE_SIGN_STYLE = Automatic;
				DEVELOPMENT_TEAM = 6LNVVQ57BD;
				INFOPLIST_FILE = arrowsFirstARTests/Info.plist;
				IPHONEOS_DEPLOYMENT_TARGET = 14.0;
				LD_RUNPATH_SEARCH_PATHS = (
					"$(inherited)",
					"@executable_path/Frameworks",
					"@loader_path/Frameworks",
				);
				PRODUCT_BUNDLE_IDENTIFIER = self.arrowsFirstARTests;
				PRODUCT_NAME = "$(TARGET_NAME)";
				SWIFT_VERSION = 5.0;
				TARGETED_DEVICE_FAMILY = "1,2";
				TEST_HOST = "$(BUILT_PRODUCTS_DIR)/arrowsFirstAR.app/arrowsFirstAR";
			};
			name = Release;
		};
		BC4E63A525332BE200D2EF77 /* Debug */ = {
			isa = XCBuildConfiguration;
			buildSettings = {
				ALWAYS_EMBED_SWIFT_STANDARD_LIBRARIES = YES;
				CODE_SIGN_STYLE = Automatic;
				DEVELOPMENT_TEAM = 6LNVVQ57BD;
				INFOPLIST_FILE = arrowsFirstARUITests/Info.plist;
				LD_RUNPATH_SEARCH_PATHS = (
					"$(inherited)",
					"@executable_path/Frameworks",
					"@loader_path/Frameworks",
				);
				PRODUCT_BUNDLE_IDENTIFIER = self.arrowsFirstARUITests;
				PRODUCT_NAME = "$(TARGET_NAME)";
				SWIFT_VERSION = 5.0;
				TARGETED_DEVICE_FAMILY = "1,2";
				TEST_TARGET_NAME = arrowsFirstAR;
			};
			name = Debug;
		};
		BC4E63A625332BE200D2EF77 /* Release */ = {
			isa = XCBuildConfiguration;
			buildSettings = {
				ALWAYS_EMBED_SWIFT_STANDARD_LIBRARIES = YES;
				CODE_SIGN_STYLE = Automatic;
				DEVELOPMENT_TEAM = 6LNVVQ57BD;
				INFOPLIST_FILE = arrowsFirstARUITests/Info.plist;
				LD_RUNPATH_SEARCH_PATHS = (
					"$(inherited)",
					"@executable_path/Frameworks",
					"@loader_path/Frameworks",
				);
				PRODUCT_BUNDLE_IDENTIFIER = self.arrowsFirstARUITests;
				PRODUCT_NAME = "$(TARGET_NAME)";
				SWIFT_VERSION = 5.0;
				TARGETED_DEVICE_FAMILY = "1,2";
				TEST_TARGET_NAME = arrowsFirstAR;
			};
			name = Release;
		};
/* End XCBuildConfiguration section */

/* Begin XCConfigurationList section */
		BC4E637225332BE200D2EF77 /* Build configuration list for PBXProject "arrowsFirstAR" */ = {
			isa = XCConfigurationList;
			buildConfigurations = (
				BC4E639C25332BE200D2EF77 /* Debug */,
				BC4E639D25332BE200D2EF77 /* Release */,
			);
			defaultConfigurationIsVisible = 0;
			defaultConfigurationName = Release;
		};
		BC4E639E25332BE200D2EF77 /* Build configuration list for PBXNativeTarget "arrowsFirstAR" */ = {
			isa = XCConfigurationList;
			buildConfigurations = (
				BC4E639F25332BE200D2EF77 /* Debug */,
				BC4E63A025332BE200D2EF77 /* Release */,
			);
			defaultConfigurationIsVisible = 0;
			defaultConfigurationName = Release;
		};
		BC4E63A125332BE200D2EF77 /* Build configuration list for PBXNativeTarget "arrowsFirstARTests" */ = {
			isa = XCConfigurationList;
			buildConfigurations = (
				BC4E63A225332BE200D2EF77 /* Debug */,
				BC4E63A325332BE200D2EF77 /* Release */,
			);
			defaultConfigurationIsVisible = 0;
			defaultConfigurationName = Release;
		};
		BC4E63A425332BE200D2EF77 /* Build configuration list for PBXNativeTarget "arrowsFirstARUITests" */ = {
			isa = XCConfigurationList;
			buildConfigurations = (
				BC4E63A525332BE200D2EF77 /* Debug */,
				BC4E63A625332BE200D2EF77 /* Release */,
			);
			defaultConfigurationIsVisible = 0;
			defaultConfigurationName = Release;
		};
/* End XCConfigurationList section */

/* Begin XCRemoteSwiftPackageReference section */
		BC00BCEF254464F100E3C44B /* XCRemoteSwiftPackageReference "FocusEntity" */ = {
			isa = XCRemoteSwiftPackageReference;
			repositoryURL = "https://github.com/maxxfrazer/FocusEntity.git";
			requirement = {
				kind = upToNextMajorVersion;
				minimumVersion = 2.0.1;
			};
		};
/* End XCRemoteSwiftPackageReference section */

/* Begin XCSwiftPackageProductDependency section */
		BC00BCF0254464F100E3C44B /* FocusEntity */ = {
			isa = XCSwiftPackageProductDependency;
			package = BC00BCEF254464F100E3C44B /* XCRemoteSwiftPackageReference "FocusEntity" */;
			productName = FocusEntity;
		};
/* End XCSwiftPackageProductDependency section */
	};
	rootObject = BC4E636F25332BE200D2EF77 /* Project object */;
}
